
Microsoft Visual Studio Solution File, Format Version 12.00
# Visual Studio 14
VisualStudioVersion = 14.0.25123.0
MinimumVisualStudioVersion = 10.0.40219.1
Project("{8BC9CEB8-8B4A-11D0-8D11-00A0C91BC942}") = "Reversi", "vsprojects\Reversi\Reversi.vcxproj", "{498DD418-5F64-4242-83E6-0DE973E10BE8}"
EndProject
Project("{8BC9CEB8-8B4A-11D0-8D11-00A0C91BC942}") = "Tutorials", "vsprojects\Tutorials\Tutorials.vcxproj", "{41327417-FCF8-4B8E-9E5D-2AEDE72233A0}"
EndProject
Global
	GlobalSection(SolutionConfigurationPlatforms) = preSolution
		Debug|x64 = Debug|x64
		Debug|x86 = Debug|x86
		Release|x64 = Release|x64
		Release|x86 = Release|x86
	EndGlobalSection
	GlobalSection(ProjectConfigurationPlatforms) = postSolution
		{498DD418-5F64-4242-83E6-0DE973E10BE8}.Debug|x64.ActiveCfg = Debug|x64
		{498DD418-5F64-4242-83E6-0DE973E10BE8}.Debug|x64.Build.0 = Debug|x64
		{498DD418-5F64-4242-83E6-0DE973E10BE8}.Debug|x86.ActiveCfg = Debug|Win32
		{498DD418-5F64-4242-83E6-0DE973E10BE8}.Debug|x86.Build.0 = Debug|Win32
		{498DD418-5F64-4242-83E6-0DE973E10BE8}.Release|x64.ActiveCfg = Release|x64
		{498DD418-5F64-4242-83E6-0DE973E10BE8}.Release|x64.Build.0 = Release|x64
		{498DD418-5F64-4242-83E6-0DE973E10BE8}.Release|x86.ActiveCfg = Release|Win32
		{498DD418-5F64-4242-83E6-0DE973E10BE8}.Release|x86.Build.0 = Release|Win32
		{41327417-FCF8-4B8E-9E5D-2AEDE72233A0}.Debug|x64.ActiveCfg = Debug|x64
		{41327417-FCF8-4B8E-9E5D-2AEDE72233A0}.Debug|x64.Build.0 = Debug|x64
		{41327417-FCF8-4B8E-9E5D-2AEDE72233A0}.Debug|x86.ActiveCfg = Debug|Win32
		{41327417-FCF8-4B8E-9E5D-2AEDE72233A0}.Debug|x86.Build.0 = Debug|Win32
		{41327417-FCF8-4B8E-9E5D-2AEDE72233A0}.Release|x64.ActiveCfg = Release|x64
		{41327417-FCF8-4B8E-9E5D-2AEDE72233A0}.Release|x64.Build.0 = Release|x64
		{41327417-FCF8-4B8E-9E5D-2AEDE72233A0}.Release|x86.ActiveCfg = Release|Win32
		{41327417-FCF8-4B8E-9E5D-2AEDE72233A0}.Release|x86.Build.0 = Release|Win32
	EndGlobalSection
	GlobalSection(SolutionProperties) = preSolution
		HideSolutionNode = FALSE
	EndGlobalSection
EndGlobal
