<?xml version="1.0" encoding="utf-8"?>
<Project ToolsVersion="4.0" xmlns="http://schemas.microsoft.com/developer/msbuild/2003">
  <ItemGroup>
    <Filter Include="Source Files">
      <UniqueIdentifier>{4FC737F1-C7A5-4376-A066-2A32D752A2FF}</UniqueIdentifier>
      <Extensions>cpp;c;cc;cxx;def;odl;idl;hpj;bat;asm;asmx</Extensions>
    </Filter>
    <Filter Include="Source Files\util">
      <UniqueIdentifier>{69478561-1f0a-48cc-87bc-0accc95c9f17}</UniqueIdentifier>
    </Filter>
  </ItemGroup>
  <ItemGroup>
    <ClCompile Include="source\main.cpp">
      <Filter>Source Files</Filter>
    </ClCompile>
  </ItemGroup>
  <ItemGroup>
    <ClInclude Include="source\util.h">
      <Filter>Source Files</Filter>
    </ClInclude>
    <ClInclude Include="source\Iterator.h">
      <Filter>Source Files\util</Filter>
    </ClInclude>
    <ClInclude Include="source\AATree.h">
      <Filter>Source Files\util</Filter>
    </ClInclude>
    <ClInclude Include="source\Comparable.h">
      <Filter>Source Files\util</Filter>
    </ClInclude>
    <ClInclude Include="source\HashComparable.h">
      <Filter>Source Files\util</Filter>
    </ClInclude>
    <ClInclude Include="source\HashMap.h">
      <Filter>Source Files\util</Filter>
    </ClInclude>
    <ClInclude Include="source\LinkedList.h">
      <Filter>Source Files\util</Filter>
    </ClInclude>
  </ItemGroup>
</Project>