<?xml version="1.0" encoding="utf-8"?>
<Project ToolsVersion="4.0" xmlns="http://schemas.microsoft.com/developer/msbuild/2003">
  <ItemGroup>
    <Filter Include="Source Files">
      <UniqueIdentifier>{4FC737F1-C7A5-4376-A066-2A32D752A2FF}</UniqueIdentifier>
      <Extensions>cpp;c;cc;cxx;def;odl;idl;hpj;bat;asm;asmx</Extensions>
    </Filter>
    <Filter Include="Source Files\old">
      <UniqueIdentifier>{c880f697-6ec1-4bea-a0ca-276c458ef530}</UniqueIdentifier>
    </Filter>
    <Filter Include="Source Files\Tutorials">
      <UniqueIdentifier>{97bb9d7a-501a-4ffe-8a09-caa3ea11c663}</UniqueIdentifier>
    </Filter>
    <Filter Include="Source Files\Tutorials\structures">
      <UniqueIdentifier>{6f8c730c-44f7-4919-ad2c-563bae2e7fe5}</UniqueIdentifier>
    </Filter>
    <Filter Include="Source Files\Tutorials\classes">
      <UniqueIdentifier>{0293488f-8d29-497d-bbc8-5a615735221b}</UniqueIdentifier>
    </Filter>
  </ItemGroup>
  <ItemGroup>
    <ClCompile Include="source\main.cpp">
      <Filter>Source Files</Filter>
    </ClCompile>
  </ItemGroup>
  <ItemGroup>
    <ClInclude Include="source\tutorials.h">
      <Filter>Source Files\Tutorials</Filter>
    </ClInclude>
    <ClInclude Include="source\TutorialsBK.h">
      <Filter>Source Files\old</Filter>
    </ClInclude>
    <ClInclude Include="source\tutorials-node.h">
      <Filter>Source Files\Tutorials\classes</Filter>
    </ClInclude>
    <ClInclude Include="source\tutorials-aatree.h">
      <Filter>Source Files\Tutorials\structures</Filter>
    </ClInclude>
    <ClInclude Include="source\tutorials-hashmap.h">
      <Filter>Source Files\Tutorials\structures</Filter>
    </ClInclude>
    <ClInclude Include="source\tutorials-linkedlist.h">
      <Filter>Source Files\Tutorials\structures</Filter>
    </ClInclude>
    <ClInclude Include="source\tutorials-hashpair.h">
      <Filter>Source Files\Tutorials\classes</Filter>
    </ClInclude>
  </ItemGroup>
</Project>