<?xml version="1.0" encoding="utf-8"?>
<Project ToolsVersion="4.0" xmlns="http://schemas.microsoft.com/developer/msbuild/2003">
  <ItemGroup>
    <Filter Include="Source Files">
      <UniqueIdentifier>{4FC737F1-C7A5-4376-A066-2A32D752A2FF}</UniqueIdentifier>
      <Extensions>cpp;c;cc;cxx;def;odl;idl;hpj;bat;asm;asmx</Extensions>
    </Filter>
    <Filter Include="Source Files\Reversi">
      <UniqueIdentifier>{a1bcba0b-b98c-462c-8bce-d713709a7628}</UniqueIdentifier>
    </Filter>
    <Filter Include="Source Files\Reversi\StateManager">
      <UniqueIdentifier>{fac3bf76-463a-405b-86a9-1f01e859211b}</UniqueIdentifier>
    </Filter>
    <Filter Include="Source Files\Reversi\GameManager">
      <UniqueIdentifier>{5d6a3d69-0573-48c8-a85f-7ef09718254a}</UniqueIdentifier>
    </Filter>
    <Filter Include="Source Files\Reversi\GameManager\states">
      <UniqueIdentifier>{fd39bad9-1100-465b-8b7b-73b537b54390}</UniqueIdentifier>
    </Filter>
  </ItemGroup>
  <ItemGroup>
    <ClCompile Include="source\main.cpp">
      <Filter>Source Files</Filter>
    </ClCompile>
    <ClCompile Include="source\StateManager.cpp">
      <Filter>Source Files\Reversi\StateManager</Filter>
    </ClCompile>
    <ClCompile Include="source\states.cpp">
      <Filter>Source Files\Reversi\GameManager\states</Filter>
    </ClCompile>
    <ClCompile Include="source\GameManager.cpp">
      <Filter>Source Files\Reversi\GameManager</Filter>
    </ClCompile>
  </ItemGroup>
  <ItemGroup>
    <ClInclude Include="source\main.h">
      <Filter>Source Files</Filter>
    </ClInclude>
    <ClInclude Include="source\GameManager.h">
      <Filter>Source Files\Reversi\GameManager</Filter>
    </ClInclude>
    <ClInclude Include="source\State.h">
      <Filter>Source Files\Reversi\StateManager</Filter>
    </ClInclude>
    <ClInclude Include="source\StateManager.h">
      <Filter>Source Files\Reversi\StateManager</Filter>
    </ClInclude>
    <ClInclude Include="source\Reversi.h">
      <Filter>Source Files\Reversi</Filter>
    </ClInclude>
    <ClInclude Include="source\PVPstate.h">
      <Filter>Source Files\Reversi\GameManager\states</Filter>
    </ClInclude>
    <ClInclude Include="source\MENUstate.h">
      <Filter>Source Files\Reversi\GameManager\states</Filter>
    </ClInclude>
    <ClInclude Include="source\PAUSEstate.h">
      <Filter>Source Files\Reversi\GameManager\states</Filter>
    </ClInclude>
    <ClInclude Include="source\P1WONstate.h">
      <Filter>Source Files\Reversi\GameManager\states</Filter>
    </ClInclude>
    <ClInclude Include="source\P2WONstate.h">
      <Filter>Source Files\Reversi\GameManager\states</Filter>
    </ClInclude>
  </ItemGroup>
</Project>